
Microsoft Visual Studio Solution File, Format Version 12.00
# Visual Studio Version 16
VisualStudioVersion = 16.0.29613.14
MinimumVisualStudioVersion = 10.0.40219.1
Project("{9A19103F-16F7-4668-BE54-9A1E7A4F7556}") = "PCI.FileCollector", "..\PCIFileCollector\PCI.FileCollector.csproj", "{F4A5A1F9-2464-43B1-9B1C-95B82381F9E4}"
EndProject
Project("{9A19103F-16F7-4668-BE54-9A1E7A4F7556}") = "PCI.Helpers", "..\PCI.Helpers\PCI.Helpers.csproj", "{59F56D03-2D8A-4401-B2F9-18A28DBBE0A3}"
EndProject
Global
	GlobalSection(SolutionConfigurationPlatforms) = preSolution
		Debug|Any CPU = Debug|Any CPU
		Release|Any CPU = Release|Any CPU
	EndGlobalSection
	GlobalSection(ProjectConfigurationPlatforms) = postSolution
		{F4A5A1F9-2464-43B1-9B1C-95B82381F9E4}.Debug|Any CPU.ActiveCfg = Debug|Any CPU
		{F4A5A1F9-2464-43B1-9B1C-95B82381F9E4}.Debug|Any CPU.Build.0 = Debug|Any CPU
		{F4A5A1F9-2464-43B1-9B1C-95B82381F9E4}.Release|Any CPU.ActiveCfg = Release|Any CPU
		{F4A5A1F9-2464-43B1-9B1C-95B82381F9E4}.Release|Any CPU.Build.0 = Release|Any CPU
		{59F56D03-2D8A-4401-B2F9-18A28DBBE0A3}.Debug|Any CPU.ActiveCfg = Debug|Any CPU
		{59F56D03-2D8A-4401-B2F9-18A28DBBE0A3}.Debug|Any CPU.Build.0 = Debug|Any CPU
		{59F56D03-2D8A-4401-B2F9-18A28DBBE0A3}.Release|Any CPU.ActiveCfg = Release|Any CPU
		{59F56D03-2D8A-4401-B2F9-18A28DBBE0A3}.Release|Any CPU.Build.0 = Release|Any CPU
	EndGlobalSection
	GlobalSection(SolutionProperties) = preSolution
		HideSolutionNode = FALSE
	EndGlobalSection
	GlobalSection(ExtensibilityGlobals) = postSolution
		SolutionGuid = {AC6BDAF1-392E-46B0-B035-4AC0CDCF33FE}
	EndGlobalSection
EndGlobal
